// !$*UTF8*$!
{
	archiveVersion = 1;
	classes = {
	};
	objectVersion = 77;
	objects = {

/* Begin PBXBuildFile section */
		5DC402172FCB104F00425ED8 /* WidgetKit.framework in Frameworks */ = {isa = PBXBuildFile; fileRef = 5DC402162FCB104F00425ED8 /* WidgetKit.framework */; };
		5DC402192FCB105000425ED8 /* SwiftUI.framework in Frameworks */ = {isa = PBXBuildFile; fileRef = 5DC402182FCB105000425ED8 /* SwiftUI.framework */; };
		5DC402282FCB105200425ED8 /* SchrankenradarWidgetExtension.appex in Embed Foundation Extensions */ = {isa = PBXBuildFile; fileRef = 5DC402142FCB104F00425ED8 /* SchrankenradarWidgetExtension.appex */; settings = {ATTRIBUTES = (RemoveHeadersOnCopy, ); }; };
		F7546814F61F4F59976664F6 /* onnxruntime in Frameworks */ = {isa = PBXBuildFile; productRef = 5912EA32045E463DB55E4AD4 /* onnxruntime */; };
/* End PBXBuildFile section */

/* Begin PBXContainerItemProxy section */
		5DC402262FCB105200425ED8 /* PBXContainerItemProxy */ = {
			isa = PBXContainerItemProxy;
			containerPortal = 5DC401C02FCAFD0000425ED8 /* Project object */;
			proxyType = 1;
			remoteGlobalIDString = 5DC402132FCB104F00425ED8;
			remoteInfo = SchrankenradarWidgetExtension;
		};
/* End PBXContainerItemProxy section */

/* Begin PBXCopyFilesBuildPhase section */
		5DC4022D2FCB105200425ED8 /* Embed Foundation Extensions */ = {
			isa = PBXCopyFilesBuildPhase;
			buildActionMask = 2147483647;
			dstPath = "";
			dstSubfolderSpec = 13;
			files = (
				5DC402282FCB105200425ED8 /* SchrankenradarWidgetExtension.appex in Embed Foundation Extensions */,
			);
			name = "Embed Foundation Extensions";
			runOnlyForDeploymentPostprocessing = 0;
		};
/* End PBXCopyFilesBuildPhase section */

/* Begin PBXFileReference section */
		5DB1FB9E2FD09AF90061B17C /* SchrankenradarWidgetExtension.entitlements */ = {isa = PBXFileReference; lastKnownFileType = text.plist.entitlements; path = SchrankenradarWidgetExtension.entitlements; sourceTree = "<group>"; };
		5DC401C82FCAFD0000425ED8 /* Schrankenradar OSH.app */ = {isa = PBXFileReference; explicitFileType = wrapper.application; includeInIndex = 0; path = "Schrankenradar OSH.app"; sourceTree = BUILT_PRODUCTS_DIR; };
		5DC402142FCB104F00425ED8 /* SchrankenradarWidgetExtension.appex */ = {isa = PBXFileReference; explicitFileType = "wrapper.app-extension"; includeInIndex = 0; path = SchrankenradarWidgetExtension.appex; sourceTree = BUILT_PRODUCTS_DIR; };
		5DC402162FCB104F00425ED8 /* WidgetKit.framework */ = {isa = PBXFileReference; lastKnownFileType = wrapper.framework; name = WidgetKit.framework; path = System/Library/Frameworks/WidgetKit.framework; sourceTree = SDKROOT; };
		5DC402182FCB105000425ED8 /* SwiftUI.framework */ = {isa = PBXFileReference; lastKnownFileType = wrapper.framework; name = SwiftUI.framework; path = System/Library/Frameworks/SwiftUI.framework; sourceTree = SDKROOT; };
/* End PBXFileReference section */

/* Begin PBXFileSystemSynchronizedBuildFileExceptionSet section */
		5D3ED1AA2FCC99EC00F9F6EA /* Exceptions for "Schrankenradar OSH" folder in "SchrankenradarWidgetExtension" target */ = {
			isa = PBXFileSystemSynchronizedBuildFileExceptionSet;
			membershipExceptions = (
				CrossingActivityAttributes.swift,
			);
			target = 5DC402132FCB104F00425ED8 /* SchrankenradarWidgetExtension */;
		};
		5DC402292FCB105200425ED8 /* Exceptions for "SchrankenradarWidget" folder in "SchrankenradarWidgetExtension" target */ = {
			isa = PBXFileSystemSynchronizedBuildFileExceptionSet;
			membershipExceptions = (
				Info.plist,
			);
			target = 5DC402132FCB104F00425ED8 /* SchrankenradarWidgetExtension */;
		};
/* End PBXFileSystemSynchronizedBuildFileExceptionSet section */

/* Begin PBXFileSystemSynchronizedRootGroup section */
		5DC401CA2FCAFD0000425ED8 /* Schrankenradar OSH */ = {
			isa = PBXFileSystemSynchronizedRootGroup;
			exceptions = (
				5D3ED1AA2FCC99EC00F9F6EA /* Exceptions for "Schrankenradar OSH" folder in "SchrankenradarWidgetExtension" target */,
			);
			path = "Schrankenradar OSH";
			sourceTree = "<group>";
		};
		5DC4021A2FCB105000425ED8 /* SchrankenradarWidget */ = {
			isa = PBXFileSystemSynchronizedRootGroup;
			exceptions = (
				5DC402292FCB105200425ED8 /* Exceptions for "SchrankenradarWidget" folder in "SchrankenradarWidgetExtension" target */,
			);
			path = SchrankenradarWidget;
			sourceTree = "<group>";
		};
/* End PBXFileSystemSynchronizedRootGroup section */

/* Begin PBXFrameworksBuildPhase section */
		5DC401C52FCAFD0000425ED8 /* Frameworks */ = {
			isa = PBXFrameworksBuildPhase;
			buildActionMask = 2147483647;
			files = (
				F7546814F61F4F59976664F6 /* onnxruntime in Frameworks */,
			);
			runOnlyForDeploymentPostprocessing = 0;
		};
		5DC402112FCB104F00425ED8 /* Frameworks */ = {
			isa = PBXFrameworksBuildPhase;
			buildActionMask = 2147483647;
			files = (
				5DC402192FCB105000425ED8 /* SwiftUI.framework in Frameworks */,
				5DC402172FCB104F00425ED8 /* WidgetKit.framework in Frameworks */,
			);
			runOnlyForDeploymentPostprocessing = 0;
		};
/* End PBXFrameworksBuildPhase section */

/* Begin PBXGroup section */
		5DC401BF2FCAFD0000425ED8 = {
			isa = PBXGroup;
			children = (
				5DB1FB9E2FD09AF90061B17C /* SchrankenradarWidgetExtension.entitlements */,
				5DC401CA2FCAFD0000425ED8 /* Schrankenradar OSH */,
				5DC4021A2FCB105000425ED8 /* SchrankenradarWidget */,
				5DC402152FCB104F00425ED8 /* Frameworks */,
				5DC401C92FCAFD0000425ED8 /* Products */,
			);
			sourceTree = "<group>";
		};
		5DC401C92FCAFD0000425ED8 /* Products */ = {
			isa = PBXGroup;
			children = (
				5DC401C82FCAFD0000425ED8 /* Schrankenradar OSH.app */,
				5DC402142FCB104F00425ED8 /* SchrankenradarWidgetExtension.appex */,
			);
			name = Products;
			sourceTree = "<group>";
		};
		5DC402152FCB104F00425ED8 /* Frameworks */ = {
			isa = PBXGroup;
			children = (
				5DC402162FCB104F00425ED8 /* WidgetKit.framework */,
				5DC402182FCB105000425ED8 /* SwiftUI.framework */,
			);
			name = Frameworks;
			sourceTree = "<group>";
		};
/* End PBXGroup section */

/* Begin PBXNativeTarget section */
		5DC401C72FCAFD0000425ED8 /* Schrankenradar OSH */ = {
			isa = PBXNativeTarget;
			buildConfigurationList = 5DC401D32FCAFD0100425ED8 /* Build configuration list for PBXNativeTarget "Schrankenradar OSH" */;
			buildPhases = (
				5DC401C42FCAFD0000425ED8 /* Sources */,
				5DC401C52FCAFD0000425ED8 /* Frameworks */,
				5DC401C62FCAFD0000425ED8 /* Resources */,
				5DC4022D2FCB105200425ED8 /* Embed Foundation Extensions */,
			);
			buildRules = (
			);
			dependencies = (
				5DC402272FCB105200425ED8 /* PBXTargetDependency */,
			);
			fileSystemSynchronizedGroups = (
				5DC401CA2FCAFD0000425ED8 /* Schrankenradar OSH */,
			);
			name = "Schrankenradar OSH";
			packageProductDependencies = (
				5912EA32045E463DB55E4AD4 /* onnxruntime */,
			);
			productName = "Schrankenradar OSH";
			productReference = 5DC401C82FCAFD0000425ED8 /* Schrankenradar OSH.app */;
			productType = "com.apple.product-type.application";
		};
		5DC402132FCB104F00425ED8 /* SchrankenradarWidgetExtension */ = {
			isa = PBXNativeTarget;
			buildConfigurationList = 5DC4022A2FCB105200425ED8 /* Build configuration list for PBXNativeTarget "SchrankenradarWidgetExtension" */;
			buildPhases = (
				5DC402102FCB104F00425ED8 /* Sources */,
				5DC402112FCB104F00425ED8 /* Frameworks */,
				5DC402122FCB104F00425ED8 /* Resources */,
			);
			buildRules = (
			);
			dependencies = (
			);
			fileSystemSynchronizedGroups = (
				5DC4021A2FCB105000425ED8 /* SchrankenradarWidget */,
			);
			name = SchrankenradarWidgetExtension;
			packageProductDependencies = (
			);
			productName = SchrankenradarWidgetExtension;
			productReference = 5DC402142FCB104F00425ED8 /* SchrankenradarWidgetExtension.appex */;
			productType = "com.apple.product-type.app-extension";
		};
/* End PBXNativeTarget section */

/* Begin PBXProject section */
		5DC401C02FCAFD0000425ED8 /* Project object */ = {
			isa = PBXProject;
			attributes = {
				BuildIndependentTargetsInParallel = 1;
				LastSwiftUpdateCheck = 2650;
				LastUpgradeCheck = 2660;
				TargetAttributes = {
					5DC401C72FCAFD0000425ED8 = {
						CreatedOnToolsVersion = 26.5;
					};
					5DC402132FCB104F00425ED8 = {
						CreatedOnToolsVersion = 26.5;
					};
				};
			};
			buildConfigurationList = 5DC401C32FCAFD0000425ED8 /* Build configuration list for PBXProject "Schrankenradar OSH" */;
			developmentRegion = en;
			hasScannedForEncodings = 0;
			knownRegions = (
				en,
				Base,
			);
			mainGroup = 5DC401BF2FCAFD0000425ED8;
			minimizedProjectReferenceProxies = 1;
			packageReferences = (
				B65DD927FB224B44ADE03AAF /* XCRemoteSwiftPackageReference "onnxruntime-swift-package-manager" */,
			);
			preferredProjectObjectVersion = 77;
			productRefGroup = 5DC401C92FCAFD0000425ED8 /* Products */;
			projectDirPath = "";
			projectRoot = "";
			targets = (
				5DC401C72FCAFD0000425ED8 /* Schrankenradar OSH */,
				5DC402132FCB104F00425ED8 /* SchrankenradarWidgetExtension */,
			);
		};
/* End PBXProject section */

/* Begin PBXResourcesBuildPhase section */
		5DC401C62FCAFD0000425ED8 /* Resources */ = {
			isa = PBXResourcesBuildPhase;
			buildActionMask = 2147483647;
			files = (
			);
			runOnlyForDeploymentPostprocessing = 0;
		};
		5DC402122FCB104F00425ED8 /* Resources */ = {
			isa = PBXResourcesBuildPhase;
			buildActionMask = 2147483647;
			files = (
			);
			runOnlyForDeploymentPostprocessing = 0;
		};
/* End PBXResourcesBuildPhase section */

/* Begin PBXSourcesBuildPhase section */
		5DC401C42FCAFD0000425ED8 /* Sources */ = {
			isa = PBXSourcesBuildPhase;
			buildActionMask = 2147483647;
			files = (
			);
			runOnlyForDeploymentPostprocessing = 0;
		};
		5DC402102FCB104F00425ED8 /* Sources */ = {
			isa = PBXSourcesBuildPhase;
			buildActionMask = 2147483647;
			files = (
			);
			runOnlyForDeploymentPostprocessing = 0;
		};
/* End PBXSourcesBuildPhase section */

/* Begin PBXTargetDependency section */
		5DC402272FCB105200425ED8 /* PBXTargetDependency */ = {
			isa = PBXTargetDependency;
			target = 5DC402132FCB104F00425ED8 /* SchrankenradarWidgetExtension */;
			targetProxy = 5DC402262FCB105200425ED8 /* PBXContainerItemProxy */;
		};
/* End PBXTargetDependency section */

/* Begin XCBuildConfiguration section */
		5DC401D12FCAFD0100425ED8 /* Debug */ = {
			isa = XCBuildConfiguration;
			buildSettings = {
				ALWAYS_SEARCH_USER_PATHS = NO;
				ASSETCATALOG_COMPILER_GENERATE_SWIFT_ASSET_SYMBOL_EXTENSIONS = YES;
				CLANG_ANALYZER_NONNULL = YES;
				CLANG_ANALYZER_NUMBER_OBJECT_CONVERSION = YES_AGGRESSIVE;
				CLANG_CXX_LANGUAGE_STANDARD = "gnu++20";
				CLANG_ENABLE_MODULES = YES;
				CLANG_ENABLE_OBJC_ARC = YES;
				CLANG_ENABLE_OBJC_WEAK = YES;
				CLANG_WARN_BLOCK_CAPTURE_AUTORELEASING = YES;
				CLANG_WARN_BOOL_CONVERSION = YES;
				CLANG_WARN_COMMA = YES;
				CLANG_WARN_CONSTANT_CONVERSION = YES;
				CLANG_WARN_DEPRECATED_OBJC_IMPLEMENTATIONS = YES;
				CLANG_WARN_DIRECT_OBJC_ISA_USAGE = YES_ERROR;
				CLANG_WARN_DOCUMENTATION_COMMENTS = YES;
				CLANG_WARN_EMPTY_BODY = YES;
				CLANG_WARN_ENUM_CONVERSION = YES;
				CLANG_WARN_INFINITE_RECURSION = YES;
				CLANG_WARN_INT_CONVERSION = YES;
				CLANG_WARN_NON_LITERAL_NULL_CONVERSION = YES;
				CLANG_WARN_OBJC_IMPLICIT_RETAIN_SELF = YES;
				CLANG_WARN_OBJC_LITERAL_CONVERSION = YES;
				CLANG_WARN_OBJC_ROOT_CLASS = YES_ERROR;
				CLANG_WARN_QUOTED_INCLUDE_IN_FRAMEWORK_HEADER = YES;
				CLANG_WARN_RANGE_LOOP_ANALYSIS = YES;
				CLANG_WARN_STRICT_PROTOTYPES = YES;
				CLANG_WARN_SUSPICIOUS_MOVE = YES;
				CLANG_WARN_UNGUARDED_AVAILABILITY = YES_AGGRESSIVE;
				CLANG_WARN_UNREACHABLE_CODE = YES;
				CLANG_WARN__DUPLICATE_METHOD_MATCH = YES;
				COPY_PHASE_STRIP = NO;
				DEBUG_INFORMATION_FORMAT = dwarf;
				DEVELOPMENT_TEAM = 93NKY3D6X7;
				ENABLE_STRICT_OBJC_MSGSEND = YES;
				ENABLE_TESTABILITY = YES;
				ENABLE_USER_SCRIPT_SANDBOXING = YES;
				GCC_C_LANGUAGE_STANDARD = gnu17;
				GCC_DYNAMIC_NO_PIC = NO;
				GCC_NO_COMMON_BLOCKS = YES;
				GCC_OPTIMIZATION_LEVEL = 0;
				GCC_PREPROCESSOR_DEFINITIONS = (
					"DEBUG=1",
					"$(inherited)",
				);
				GCC_WARN_64_TO_32_BIT_CONVERSION = YES;
				GCC_WARN_ABOUT_RETURN_TYPE = YES_ERROR;
				GCC_WARN_UNDECLARED_SELECTOR = YES;
				GCC_WARN_UNINITIALIZED_AUTOS = YES_AGGRESSIVE;
				GCC_WARN_UNUSED_FUNCTION = YES;
				GCC_WARN_UNUSED_VARIABLE = YES;
				IPHONEOS_DEPLOYMENT_TARGET = 26.5;
				LOCALIZATION_PREFERS_STRING_CATALOGS = YES;
				MTL_ENABLE_DEBUG_INFO = INCLUDE_SOURCE;
				MTL_FAST_MATH = YES;
				ONLY_ACTIVE_ARCH = YES;
				SDKROOT = iphoneos;
				STRING_CATALOG_GENERATE_SYMBOLS = YES;
				SWIFT_ACTIVE_COMPILATION_CONDITIONS = "DEBUG $(inherited)";
				SWIFT_OPTIMIZATION_LEVEL = "-Onone";
			};
			name = Debug;
		};
		5DC401D22FCAFD0100425ED8 /* Release */ = {
			isa = XCBuildConfiguration;
			buildSettings = {
				ALWAYS_SEARCH_USER_PATHS = NO;
				ASSETCATALOG_COMPILER_GENERATE_SWIFT_ASSET_SYMBOL_EXTENSIONS = YES;
				CLANG_ANALYZER_NONNULL = YES;
				CLANG_ANALYZER_NUMBER_OBJECT_CONVERSION = YES_AGGRESSIVE;
				CLANG_CXX_LANGUAGE_STANDARD = "gnu++20";
				CLANG_ENABLE_MODULES = YES;
				CLANG_ENABLE_OBJC_ARC = YES;
				CLANG_ENABLE_OBJC_WEAK = YES;
				CLANG_WARN_BLOCK_CAPTURE_AUTORELEASING = YES;
				CLANG_WARN_BOOL_CONVERSION = YES;
				CLANG_WARN_COMMA = YES;
				CLANG_WARN_CONSTANT_CONVERSION = YES;
				CLANG_WARN_DEPRECATED_OBJC_IMPLEMENTATIONS = YES;
				CLANG_WARN_DIRECT_OBJC_ISA_USAGE = YES_ERROR;
				CLANG_WARN_DOCUMENTATION_COMMENTS = YES;
				CLANG_WARN_EMPTY_BODY = YES;
				CLANG_WARN_ENUM_CONVERSION = YES;
				CLANG_WARN_INFINITE_RECURSION = YES;
				CLANG_WARN_INT_CONVERSION = YES;
				CLANG_WARN_NON_LITERAL_NULL_CONVERSION = YES;
				CLANG_WARN_OBJC_IMPLICIT_RETAIN_SELF = YES;
				CLANG_WARN_OBJC_LITERAL_CONVERSION = YES;
				CLANG_WARN_OBJC_ROOT_CLASS = YES_ERROR;
				CLANG_WARN_QUOTED_INCLUDE_IN_FRAMEWORK_HEADER = YES;
				CLANG_WARN_RANGE_LOOP_ANALYSIS = YES;
				CLANG_WARN_STRICT_PROTOTYPES = YES;
				CLANG_WARN_SUSPICIOUS_MOVE = YES;
				CLANG_WARN_UNGUARDED_AVAILABILITY = YES_AGGRESSIVE;
				CLANG_WARN_UNREACHABLE_CODE = YES;
				CLANG_WARN__DUPLICATE_METHOD_MATCH = YES;
				COPY_PHASE_STRIP = NO;
				DEBUG_INFORMATION_FORMAT = "dwarf-with-dsym";
				DEVELOPMENT_TEAM = 93NKY3D6X7;
				ENABLE_NS_ASSERTIONS = NO;
				ENABLE_STRICT_OBJC_MSGSEND = YES;
				ENABLE_USER_SCRIPT_SANDBOXING = YES;
				GCC_C_LANGUAGE_STANDARD = gnu17;
				GCC_NO_COMMON_BLOCKS = YES;
				GCC_WARN_64_TO_32_BIT_CONVERSION = YES;
				GCC_WARN_ABOUT_RETURN_TYPE = YES_ERROR;
				GCC_WARN_UNDECLARED_SELECTOR = YES;
				GCC_WARN_UNINITIALIZED_AUTOS = YES_AGGRESSIVE;
				GCC_WARN_UNUSED_FUNCTION = YES;
				GCC_WARN_UNUSED_VARIABLE = YES;
				IPHONEOS_DEPLOYMENT_TARGET = 26.5;
				LOCALIZATION_PREFERS_STRING_CATALOGS = YES;
				MTL_ENABLE_DEBUG_INFO = NO;
				MTL_FAST_MATH = YES;
				SDKROOT = iphoneos;
				STRING_CATALOG_GENERATE_SYMBOLS = YES;
				SWIFT_COMPILATION_MODE = wholemodule;
				VALIDATE_PRODUCT = YES;
			};
			name = Release;
		};
		5DC401D42FCAFD0100425ED8 /* Debug */ = {
			isa = XCBuildConfiguration;
			buildSettings = {
				ASSETCATALOG_COMPILER_APPICON_NAME = AppIcon;
				ASSETCATALOG_COMPILER_GLOBAL_ACCENT_COLOR_NAME = AccentColor;
				CODE_SIGN_ENTITLEMENTS = "Schrankenradar OSH/Schrankenradar OSH.entitlements";
				CODE_SIGN_STYLE = Automatic;
				CURRENT_PROJECT_VERSION = 1;
				DEVELOPMENT_TEAM = 93NKY3D6X7;
				ENABLE_PREVIEWS = YES;
				GENERATE_INFOPLIST_FILE = YES;
				INFOPLIST_FILE = "Schrankenradar-OSH-Info.plist";
				INFOPLIST_KEY_CFBundleDisplayName = Bahnradar;
				INFOPLIST_KEY_LSApplicationCategoryType = "public.app-category.travel";
				INFOPLIST_KEY_NSLocationAlwaysAndWhenInUseUsageDescription = "Der Standort wird während der Fahrt geprüft, auch bei gesperrtem Bildschirm, damit Sprachwarnungen vor der Bahnschranke zuverlässig ertönen.";
				INFOPLIST_KEY_NSLocationWhenInUseUsageDescription = "Der Standort wird nur während der Fahrt geprüft um festzustellen ob du in der Nähe des Bahnübergangs bist.";
				INFOPLIST_KEY_NSMotionUsageDescription = "Die App erkennt automatisch ob du fährst und aktiviert dann Sprachansagen.";
				INFOPLIST_KEY_NSSiriUsageDescription = "Schrankenradar nutzt Siri um den Bahnübergang-Status anzusagen.";
				INFOPLIST_KEY_NSSupportsLiveActivities = YES;
				INFOPLIST_KEY_NSSupportsLiveActivitiesFrequentUpdates = YES;
				INFOPLIST_KEY_UIApplicationSceneManifest_Generation = YES;
				INFOPLIST_KEY_UIApplicationSupportsIndirectInputEvents = YES;
				INFOPLIST_KEY_UISupportedInterfaceOrientations_iPad = "UIInterfaceOrientationPortrait UIInterfaceOrientationPortraitUpsideDown UIInterfaceOrientationLandscapeLeft UIInterfaceOrientationLandscapeRight";
				INFOPLIST_KEY_UISupportedInterfaceOrientations_iPhone = "UIInterfaceOrientationPortrait UIInterfaceOrientationLandscapeLeft UIInterfaceOrientationLandscapeRight";
				LD_RUNPATH_SEARCH_PATHS = (
					"$(inherited)",
					"@executable_path/Frameworks",
				);
				MARKETING_VERSION = 1.0;
				PRODUCT_BUNDLE_IDENTIFIER = "com.Jonas.Schrankenradar-OSH";
				PRODUCT_NAME = "$(TARGET_NAME)";
				STRING_CATALOG_GENERATE_SYMBOLS = YES;
				SWIFT_APPROACHABLE_CONCURRENCY = YES;
				SWIFT_DEFAULT_ACTOR_ISOLATION = MainActor;
				SWIFT_EMIT_LOC_STRINGS = YES;
				SWIFT_UPCOMING_FEATURE_MEMBER_IMPORT_VISIBILITY = YES;
				SWIFT_VERSION = 5.0;
				TARGETED_DEVICE_FAMILY = "1,2";
			};
			name = Debug;
		};
		5DC401D52FCAFD0100425ED8 /* Release */ = {
			isa = XCBuildConfiguration;
			buildSettings = {
				ASSETCATALOG_COMPILER_APPICON_NAME = AppIcon;
				ASSETCATALOG_COMPILER_GLOBAL_ACCENT_COLOR_NAME = AccentColor;
				CODE_SIGN_ENTITLEMENTS = "Schrankenradar OSH/Schrankenradar OSH.entitlements";
				CODE_SIGN_STYLE = Automatic;
				CURRENT_PROJECT_VERSION = 1;
				DEVELOPMENT_TEAM = 93NKY3D6X7;
				ENABLE_PREVIEWS = YES;
				GENERATE_INFOPLIST_FILE = YES;
				INFOPLIST_FILE = "Schrankenradar-OSH-Info.plist";
				INFOPLIST_KEY_CFBundleDisplayName = Bahnradar;
				INFOPLIST_KEY_LSApplicationCategoryType = "public.app-category.travel";
				INFOPLIST_KEY_NSLocationAlwaysAndWhenInUseUsageDescription = "Der Standort wird während der Fahrt geprüft, auch bei gesperrtem Bildschirm, damit Sprachwarnungen vor der Bahnschranke zuverlässig ertönen.";
				INFOPLIST_KEY_NSLocationWhenInUseUsageDescription = "Der Standort wird nur während der Fahrt geprüft um festzustellen ob du in der Nähe des Bahnübergangs bist.";
				INFOPLIST_KEY_NSMotionUsageDescription = "Die App erkennt automatisch ob du fährst und aktiviert dann Sprachansagen.";
				INFOPLIST_KEY_NSSiriUsageDescription = "Schrankenradar nutzt Siri um den Bahnübergang-Status anzusagen.";
				INFOPLIST_KEY_NSSupportsLiveActivities = YES;
				INFOPLIST_KEY_NSSupportsLiveActivitiesFrequentUpdates = YES;
				INFOPLIST_KEY_UIApplicationSceneManifest_Generation = YES;
				INFOPLIST_KEY_UIApplicationSupportsIndirectInputEvents = YES;
				INFOPLIST_KEY_UISupportedInterfaceOrientations_iPad = "UIInterfaceOrientationPortrait UIInterfaceOrientationPortraitUpsideDown UIInterfaceOrientationLandscapeLeft UIInterfaceOrientationLandscapeRight";
				INFOPLIST_KEY_UISupportedInterfaceOrientations_iPhone = "UIInterfaceOrientationPortrait UIInterfaceOrientationLandscapeLeft UIInterfaceOrientationLandscapeRight";
				LD_RUNPATH_SEARCH_PATHS = (
					"$(inherited)",
					"@executable_path/Frameworks",
				);
				MARKETING_VERSION = 1.0;
				PRODUCT_BUNDLE_IDENTIFIER = "com.Jonas.Schrankenradar-OSH";
				PRODUCT_NAME = "$(TARGET_NAME)";
				STRING_CATALOG_GENERATE_SYMBOLS = YES;
				SWIFT_APPROACHABLE_CONCURRENCY = YES;
				SWIFT_DEFAULT_ACTOR_ISOLATION = MainActor;
				SWIFT_EMIT_LOC_STRINGS = YES;
				SWIFT_UPCOMING_FEATURE_MEMBER_IMPORT_VISIBILITY = YES;
				SWIFT_VERSION = 5.0;
				TARGETED_DEVICE_FAMILY = "1,2";
			};
			name = Release;
		};
		5DC4022B2FCB105200425ED8 /* Debug */ = {
			isa = XCBuildConfiguration;
			buildSettings = {
				ASSETCATALOG_COMPILER_GLOBAL_ACCENT_COLOR_NAME = AccentColor;
				ASSETCATALOG_COMPILER_WIDGET_BACKGROUND_COLOR_NAME = WidgetBackground;
				CODE_SIGN_ENTITLEMENTS = SchrankenradarWidgetExtension.entitlements;
				CODE_SIGN_STYLE = Automatic;
				CURRENT_PROJECT_VERSION = 1;
				DEVELOPMENT_TEAM = 93NKY3D6X7;
				GENERATE_INFOPLIST_FILE = YES;
				INFOPLIST_FILE = SchrankenradarWidget/Info.plist;
				INFOPLIST_KEY_CFBundleDisplayName = SchrankenradarWidget;
				INFOPLIST_KEY_NSHumanReadableCopyright = "";
				LD_RUNPATH_SEARCH_PATHS = (
					"$(inherited)",
					"@executable_path/Frameworks",
					"@executable_path/../../Frameworks",
				);
				MARKETING_VERSION = 1.0;
				PRODUCT_BUNDLE_IDENTIFIER = "com.Jonas.Schrankenradar-OSH.SchrankenradarWidget";
				PRODUCT_NAME = "$(TARGET_NAME)";
				SKIP_INSTALL = YES;
				STRING_CATALOG_GENERATE_SYMBOLS = YES;
				SWIFT_APPROACHABLE_CONCURRENCY = YES;
				SWIFT_EMIT_LOC_STRINGS = YES;
				SWIFT_UPCOMING_FEATURE_MEMBER_IMPORT_VISIBILITY = YES;
				SWIFT_VERSION = 5.0;
				TARGETED_DEVICE_FAMILY = "1,2";
			};
			name = Debug;
		};
		5DC4022C2FCB105200425ED8 /* Release */ = {
			isa = XCBuildConfiguration;
			buildSettings = {
				ASSETCATALOG_COMPILER_GLOBAL_ACCENT_COLOR_NAME = AccentColor;
				ASSETCATALOG_COMPILER_WIDGET_BACKGROUND_COLOR_NAME = WidgetBackground;
				CODE_SIGN_ENTITLEMENTS = SchrankenradarWidgetExtension.entitlements;
				CODE_SIGN_STYLE = Automatic;
				CURRENT_PROJECT_VERSION = 1;
				DEVELOPMENT_TEAM = 93NKY3D6X7;
				GENERATE_INFOPLIST_FILE = YES;
				INFOPLIST_FILE = SchrankenradarWidget/Info.plist;
				INFOPLIST_KEY_CFBundleDisplayName = SchrankenradarWidget;
				INFOPLIST_KEY_NSHumanReadableCopyright = "";
				LD_RUNPATH_SEARCH_PATHS = (
					"$(inherited)",
					"@executable_path/Frameworks",
					"@executable_path/../../Frameworks",
				);
				MARKETING_VERSION = 1.0;
				PRODUCT_BUNDLE_IDENTIFIER = "com.Jonas.Schrankenradar-OSH.SchrankenradarWidget";
				PRODUCT_NAME = "$(TARGET_NAME)";
				SKIP_INSTALL = YES;
				STRING_CATALOG_GENERATE_SYMBOLS = YES;
				SWIFT_APPROACHABLE_CONCURRENCY = YES;
				SWIFT_EMIT_LOC_STRINGS = YES;
				SWIFT_UPCOMING_FEATURE_MEMBER_IMPORT_VISIBILITY = YES;
				SWIFT_VERSION = 5.0;
				TARGETED_DEVICE_FAMILY = "1,2";
			};
			name = Release;
		};
/* End XCBuildConfiguration section */

/* Begin XCConfigurationList section */
		5DC401C32FCAFD0000425ED8 /* Build configuration list for PBXProject "Schrankenradar OSH" */ = {
			isa = XCConfigurationList;
			buildConfigurations = (
				5DC401D12FCAFD0100425ED8 /* Debug */,
				5DC401D22FCAFD0100425ED8 /* Release */,
			);
			defaultConfigurationIsVisible = 0;
			defaultConfigurationName = Release;
		};
		5DC401D32FCAFD0100425ED8 /* Build configuration list for PBXNativeTarget "Schrankenradar OSH" */ = {
			isa = XCConfigurationList;
			buildConfigurations = (
				5DC401D42FCAFD0100425ED8 /* Debug */,
				5DC401D52FCAFD0100425ED8 /* Release */,
			);
			defaultConfigurationIsVisible = 0;
			defaultConfigurationName = Release;
		};
		5DC4022A2FCB105200425ED8 /* Build configuration list for PBXNativeTarget "SchrankenradarWidgetExtension" */ = {
			isa = XCConfigurationList;
			buildConfigurations = (
				5DC4022B2FCB105200425ED8 /* Debug */,
				5DC4022C2FCB105200425ED8 /* Release */,
			);
			defaultConfigurationIsVisible = 0;
			defaultConfigurationName = Release;
		};
/* End XCConfigurationList section */

/* Begin XCRemoteSwiftPackageReference section */
		B65DD927FB224B44ADE03AAF /* XCRemoteSwiftPackageReference "onnxruntime-swift-package-manager" */ = {
			isa = XCRemoteSwiftPackageReference;
			repositoryURL = "https://github.com/microsoft/onnxruntime-swift-package-manager";
			requirement = {
				kind = exactVersion;
				version = 1.19.2;
			};
		};
/* End XCRemoteSwiftPackageReference section */

/* Begin XCSwiftPackageProductDependency section */
		5912EA32045E463DB55E4AD4 /* onnxruntime */ = {
			isa = XCSwiftPackageProductDependency;
			package = B65DD927FB224B44ADE03AAF /* XCRemoteSwiftPackageReference "onnxruntime-swift-package-manager" */;
			productName = onnxruntime;
		};
/* End XCSwiftPackageProductDependency section */
	};
	rootObject = 5DC401C02FCAFD0000425ED8 /* Project object */;
}
